
Microsoft Visual Studio Solution File, Format Version 12.00
# Visual Studio Version 17
VisualStudioVersion = 17.12.35527.113 d17.12
MinimumVisualStudioVersion = 10.0.40219.1
Project("{FAE04EC0-301F-11D3-BF4B-00C04F79EFBC}") = "ankett", "ankett\ankett.csproj", "{2DB02F6A-C9D6-48E0-9AC1-01F4946398D1}"
EndProject
Project("{54A90642-561A-4BB1-A94E-469ADEE60C69}") = "ankettvue", "ankettVue\ankettvue.esproj", "{BDA3535E-8C22-47A7-9139-9B46972A4281}"
EndProject
Global
	GlobalSection(SolutionConfigurationPlatforms) = preSolution
		Debug|Any CPU = Debug|Any CPU
		Release|Any CPU = Release|Any CPU
	EndGlobalSection
	GlobalSection(ProjectConfigurationPlatforms) = postSolution
		{2DB02F6A-C9D6-48E0-9AC1-01F4946398D1}.Debug|Any CPU.ActiveCfg = Debug|Any CPU
		{2DB02F6A-C9D6-48E0-9AC1-01F4946398D1}.Debug|Any CPU.Build.0 = Debug|Any CPU
		{2DB02F6A-C9D6-48E0-9AC1-01F4946398D1}.Release|Any CPU.ActiveCfg = Release|Any CPU
		{2DB02F6A-C9D6-48E0-9AC1-01F4946398D1}.Release|Any CPU.Build.0 = Release|Any CPU
		{BDA3535E-8C22-47A7-9139-9B46972A4281}.Debug|Any CPU.ActiveCfg = Debug|Any CPU
		{BDA3535E-8C22-47A7-9139-9B46972A4281}.Debug|Any CPU.Build.0 = Debug|Any CPU
		{BDA3535E-8C22-47A7-9139-9B46972A4281}.Debug|Any CPU.Deploy.0 = Debug|Any CPU
		{BDA3535E-8C22-47A7-9139-9B46972A4281}.Release|Any CPU.ActiveCfg = Release|Any CPU
		{BDA3535E-8C22-47A7-9139-9B46972A4281}.Release|Any CPU.Build.0 = Release|Any CPU
		{BDA3535E-8C22-47A7-9139-9B46972A4281}.Release|Any CPU.Deploy.0 = Release|Any CPU
	EndGlobalSection
	GlobalSection(SolutionProperties) = preSolution
		HideSolutionNode = FALSE
	EndGlobalSection
EndGlobal
